
Microsoft Visual Studio Solution File, Format Version 12.00
# Visual Studio Version 17
VisualStudioVersion = 17.7.34031.279
MinimumVisualStudioVersion = 10.0.40219.1
Project("{FAE04EC0-301F-11D3-BF4B-00C04F79EFBC}") = "SprintTracker2", "SprintTracker2.csproj", "{2A0B2DDB-520F-4E36-9F7E-AC40E97C9284}"
EndProject
Global
	GlobalSection(SolutionConfigurationPlatforms) = preSolution
		Debug|Any CPU = Debug|Any CPU
		Release|Any CPU = Release|Any CPU
	EndGlobalSection
	GlobalSection(ProjectConfigurationPlatforms) = postSolution
		{2A0B2DDB-520F-4E36-9F7E-AC40E97C9284}.Debug|Any CPU.ActiveCfg = Debug|Any CPU
		{2A0B2DDB-520F-4E36-9F7E-AC40E97C9284}.Debug|Any CPU.Build.0 = Debug|Any CPU
		{2A0B2DDB-520F-4E36-9F7E-AC40E97C9284}.Release|Any CPU.ActiveCfg = Release|Any CPU
		{2A0B2DDB-520F-4E36-9F7E-AC40E97C9284}.Release|Any CPU.Build.0 = Release|Any CPU
	EndGlobalSection
	GlobalSection(SolutionProperties) = preSolution
		HideSolutionNode = FALSE
	EndGlobalSection
	GlobalSection(ExtensibilityGlobals) = postSolution
		SolutionGuid = {58814781-79BB-4AB1-9CB1-6970B0910B58}
	EndGlobalSection
EndGlobal
